
Microsoft Visual Studio Solution File, Format Version 12.00
# Visual Studio Version 17
VisualStudioVersion = 17.3.32811.315
MinimumVisualStudioVersion = 10.0.40219.1
Project("{FAE04EC0-301F-11D3-BF4B-00C04F79EFBC}") = "payrollConsole01", "payrollConsole01\payrollConsole01.csproj", "{7D12BA1B-D499-4856-90F8-A9ABE0D33797}"
EndProject
Project("{FAE04EC0-301F-11D3-BF4B-00C04F79EFBC}") = "payrollGUI01", "payrollGUI01\payrollGUI01.csproj", "{474ECEB3-563A-43D2-834B-171862F1A04C}"
EndProject
Global
	GlobalSection(SolutionConfigurationPlatforms) = preSolution
		Debug|Any CPU = Debug|Any CPU
		Release|Any CPU = Release|Any CPU
	EndGlobalSection
	GlobalSection(ProjectConfigurationPlatforms) = postSolution
		{7D12BA1B-D499-4856-90F8-A9ABE0D33797}.Debug|Any CPU.ActiveCfg = Debug|Any CPU
		{7D12BA1B-D499-4856-90F8-A9ABE0D33797}.Debug|Any CPU.Build.0 = Debug|Any CPU
		{7D12BA1B-D499-4856-90F8-A9ABE0D33797}.Release|Any CPU.ActiveCfg = Release|Any CPU
		{7D12BA1B-D499-4856-90F8-A9ABE0D33797}.Release|Any CPU.Build.0 = Release|Any CPU
		{474ECEB3-563A-43D2-834B-171862F1A04C}.Debug|Any CPU.ActiveCfg = Debug|Any CPU
		{474ECEB3-563A-43D2-834B-171862F1A04C}.Debug|Any CPU.Build.0 = Debug|Any CPU
		{474ECEB3-563A-43D2-834B-171862F1A04C}.Release|Any CPU.ActiveCfg = Release|Any CPU
		{474ECEB3-563A-43D2-834B-171862F1A04C}.Release|Any CPU.Build.0 = Release|Any CPU
	EndGlobalSection
	GlobalSection(SolutionProperties) = preSolution
		HideSolutionNode = FALSE
	EndGlobalSection
	GlobalSection(ExtensibilityGlobals) = postSolution
		SolutionGuid = {2BAA4091-2A84-491A-9C35-48AE21F95DC0}
	EndGlobalSection
EndGlobal
